[[dependencies]]
name = "@openzeppelin-contracts"
version = "5.6.1"
url = "https://soldeer-revisions.s3.amazonaws.com/@openzeppelin-contracts/5_6_1_15-03-2026_09:19:50_contracts.zip"
checksum = "a3b6bc661be858c7c27f60a1708cbebe8c71034b4cc1e9fe270d0a05b069352f"
integrity = "bce03af7ada1eee21a7fff393f238bcd7cd75a022a4db55ffb6b0dbb32433d35"

[[dependencies]]
name = "@openzeppelin-contracts-upgradeable"
version = "5.6.1"
url = "https://soldeer-revisions.s3.amazonaws.com/@openzeppelin-contracts-upgradeable/5_6_1_15-03-2026_09:19:56_contracts-upgradeable.zip"
checksum = "f6257dbc993c2499fe08fdc93f66e12459fe3458ee62ce716b92e1d95ee0b504"
integrity = "2f539b6241258fc3c127c97225b3cb1b5e9225e422d2c1cb233c52a6f5c29002"

[[dependencies]]
name = "forge-std"
version = "1.10.0"
url = "https://soldeer-revisions.s3.amazonaws.com/forge-std/1_10_0_02-08-2025_06:50:35_forge-std-1.10.zip"
checksum = "8cc59e92a7762c170c15f2102c4f3718106dfc78239978fe87c64f316740cc09"
integrity = "3fd441e2499c5cf04ef9b4126f52150a50dcef9cac1645ff7a955345e947cd04"
